// !$*UTF8*$!
{
	archiveVersion = 1;
	classes = {
	};
	objectVersion = 46;
	objects = {

/* Begin PBXBuildFile section */
		AC05AA601B382B3A00D420D1 /* AppDelegate.swift in Sources */ = {isa = PBXBuildFile; fileRef = AC05AA5F1B382B3A00D420D1 /* AppDelegate.swift */; };
		AC05AA621B382B3A00D420D1 /* ViewController.swift in Sources */ = {isa = PBXBuildFile; fileRef = AC05AA611B382B3A00D420D1 /* ViewController.swift */; };
		AC05AA651B382B3A00D420D1 /* Main.storyboard in Resources */ = {isa = PBXBuildFile; fileRef = AC05AA631B382B3A00D420D1 /* Main.storyboard */; };
		AC05AA671B382B3A00D420D1 /* Images.xcassets in Resources */ = {isa = PBXBuildFile; fileRef = AC05AA661B382B3A00D420D1 /* Images.xcassets */; };
		AC05AA6A1B382B3A00D420D1 /* LaunchScreen.xib in Resources */ = {isa = PBXBuildFile; fileRef = AC05AA681B382B3A00D420D1 /* LaunchScreen.xib */; };
		AC05AA761B382B3A00D420D1 /* OctoPrintTests.swift in Sources */ = {isa = PBXBuildFile; fileRef = AC05AA751B382B3A00D420D1 /* OctoPrintTests.swift */; };
		AC05AA801B382B7F00D420D1 /* OctoPrintAPI.swift in Sources */ = {isa = PBXBuildFile; fileRef = AC05AA7F1B382B7F00D420D1 /* OctoPrintAPI.swift */; };
		AC7793AE1B4AEB8000B5B6A2 /* Charts.framework in Frameworks */ = {isa = PBXBuildFile; fileRef = AC7793AD1B4AEAC300B5B6A2 /* Charts.framework */; };
		AC7793AF1B4AEB8000B5B6A2 /* Charts.framework in Embed Frameworks */ = {isa = PBXBuildFile; fileRef = AC7793AD1B4AEAC300B5B6A2 /* Charts.framework */; settings = {ATTRIBUTES = (CodeSignOnCopy, RemoveHeadersOnCopy, ); }; };
		ACDC808C1B44BEA900EC5520 /* test.gcode in Resources */ = {isa = PBXBuildFile; fileRef = ACDC808B1B44BEA900EC5520 /* test.gcode */; };
/* End PBXBuildFile section */

/* Begin PBXContainerItemProxy section */
		AC05AA701B382B3A00D420D1 /* PBXContainerItemProxy */ = {
			isa = PBXContainerItemProxy;
			containerPortal = AC05AA521B382B3A00D420D1 /* Project object */;
			proxyType = 1;
			remoteGlobalIDString = AC05AA591B382B3A00D420D1;
			remoteInfo = OctoPrint;
		};
		AC7793AC1B4AEAC300B5B6A2 /* PBXContainerItemProxy */ = {
			isa = PBXContainerItemProxy;
			containerPortal = AC7793A81B4AEAC300B5B6A2 /* Charts.xcodeproj */;
			proxyType = 2;
			remoteGlobalIDString = 5BA8EC401A9D14DC00CE82E1;
			remoteInfo = Charts;
		};
		AC7793B01B4AEB8000B5B6A2 /* PBXContainerItemProxy */ = {
			isa = PBXContainerItemProxy;
			containerPortal = AC7793A81B4AEAC300B5B6A2 /* Charts.xcodeproj */;
			proxyType = 1;
			remoteGlobalIDString = 5BA8EC3F1A9D14DC00CE82E1;
			remoteInfo = Charts;
		};
/* End PBXContainerItemProxy section */

/* Begin PBXCopyFilesBuildPhase section */
		AC7793B21B4AEB8000B5B6A2 /* Embed Frameworks */ = {
			isa = PBXCopyFilesBuildPhase;
			buildActionMask = 2147483647;
			dstPath = "";
			dstSubfolderSpec = 10;
			files = (
				AC7793AF1B4AEB8000B5B6A2 /* Charts.framework in Embed Frameworks */,
			);
			name = "Embed Frameworks";
			runOnlyForDeploymentPostprocessing = 0;
		};
/* End PBXCopyFilesBuildPhase section */

/* Begin PBXFileReference section */
		AC05AA5A1B382B3A00D420D1 /* OctoPrint.app */ = {isa = PBXFileReference; explicitFileType = wrapper.application; includeInIndex = 0; path = OctoPrint.app; sourceTree = BUILT_PRODUCTS_DIR; };
		AC05AA5E1B382B3A00D420D1 /* Info.plist */ = {isa = PBXFileReference; lastKnownFileType = text.plist.xml; path = Info.plist; sourceTree = "<group>"; };
		AC05AA5F1B382B3A00D420D1 /* AppDelegate.swift */ = {isa = PBXFileReference; lastKnownFileType = sourcecode.swift; path = AppDelegate.swift; sourceTree = "<group>"; };
		AC05AA611B382B3A00D420D1 /* ViewController.swift */ = {isa = PBXFileReference; lastKnownFileType = sourcecode.swift; path = ViewController.swift; sourceTree = "<group>"; };
		AC05AA641B382B3A00D420D1 /* Base */ = {isa = PBXFileReference; lastKnownFileType = file.storyboard; name = Base; path = Base.lproj/Main.storyboard; sourceTree = "<group>"; };
		AC05AA661B382B3A00D420D1 /* Images.xcassets */ = {isa = PBXFileReference; lastKnownFileType = folder.assetcatalog; path = Images.xcassets; sourceTree = "<group>"; };
		AC05AA691B382B3A00D420D1 /* Base */ = {isa = PBXFileReference; lastKnownFileType = file.xib; name = Base; path = Base.lproj/LaunchScreen.xib; sourceTree = "<group>"; };
		AC05AA6F1B382B3A00D420D1 /* OctoPrintTests.xctest */ = {isa = PBXFileReference; explicitFileType = wrapper.cfbundle; includeInIndex = 0; path = OctoPrintTests.xctest; sourceTree = BUILT_PRODUCTS_DIR; };
		AC05AA741B382B3A00D420D1 /* Info.plist */ = {isa = PBXFileReference; lastKnownFileType = text.plist.xml; path = Info.plist; sourceTree = "<group>"; };
		AC05AA751B382B3A00D420D1 /* OctoPrintTests.swift */ = {isa = PBXFileReference; lastKnownFileType = sourcecode.swift; path = OctoPrintTests.swift; sourceTree = "<group>"; };
		AC05AA7F1B382B7F00D420D1 /* OctoPrintAPI.swift */ = {isa = PBXFileReference; fileEncoding = 4; lastKnownFileType = sourcecode.swift; path = OctoPrintAPI.swift; sourceTree = "<group>"; };
		AC7793A81B4AEAC300B5B6A2 /* Charts.xcodeproj */ = {isa = PBXFileReference; lastKnownFileType = "wrapper.pb-project"; name = Charts.xcodeproj; path = Charts/Charts.xcodeproj; sourceTree = "<group>"; };
		ACDC808B1B44BEA900EC5520 /* test.gcode */ = {isa = PBXFileReference; fileEncoding = 4; lastKnownFileType = text; path = test.gcode; sourceTree = "<group>"; };
/* End PBXFileReference section */

/* Begin PBXFrameworksBuildPhase section */
		AC05AA571B382B3A00D420D1 /* Frameworks */ = {
			isa = PBXFrameworksBuildPhase;
			buildActionMask = 2147483647;
			files = (
				AC7793AE1B4AEB8000B5B6A2 /* Charts.framework in Frameworks */,
			);
			runOnlyForDeploymentPostprocessing = 0;
		};
		AC05AA6C1B382B3A00D420D1 /* Frameworks */ = {
			isa = PBXFrameworksBuildPhase;
			buildActionMask = 2147483647;
			files = (
			);
			runOnlyForDeploymentPostprocessing = 0;
		};
/* End PBXFrameworksBuildPhase section */

/* Begin PBXGroup section */
		AC05AA511B382B3A00D420D1 = {
			isa = PBXGroup;
			children = (
				AC05AA5C1B382B3A00D420D1 /* OctoPrint */,
				AC7793A81B4AEAC300B5B6A2 /* Charts.xcodeproj */,
				AC05AA721B382B3A00D420D1 /* OctoPrintTests */,
				AC05AA5B1B382B3A00D420D1 /* Products */,
			);
			sourceTree = "<group>";
		};
		AC05AA5B1B382B3A00D420D1 /* Products */ = {
			isa = PBXGroup;
			children = (
				AC05AA5A1B382B3A00D420D1 /* OctoPrint.app */,
				AC05AA6F1B382B3A00D420D1 /* OctoPrintTests.xctest */,
			);
			name = Products;
			sourceTree = "<group>";
		};
		AC05AA5C1B382B3A00D420D1 /* OctoPrint */ = {
			isa = PBXGroup;
			children = (
				ACDC808B1B44BEA900EC5520 /* test.gcode */,
				AC05AA5F1B382B3A00D420D1 /* AppDelegate.swift */,
				AC05AA611B382B3A00D420D1 /* ViewController.swift */,
				AC05AA631B382B3A00D420D1 /* Main.storyboard */,
				AC05AA661B382B3A00D420D1 /* Images.xcassets */,
				AC05AA681B382B3A00D420D1 /* LaunchScreen.xib */,
				AC05AA7F1B382B7F00D420D1 /* OctoPrintAPI.swift */,
				AC05AA5D1B382B3A00D420D1 /* Supporting Files */,
			);
			path = OctoPrint;
			sourceTree = "<group>";
		};
		AC05AA5D1B382B3A00D420D1 /* Supporting Files */ = {
			isa = PBXGroup;
			children = (
				AC05AA5E1B382B3A00D420D1 /* Info.plist */,
			);
			name = "Supporting Files";
			sourceTree = "<group>";
		};
		AC05AA721B382B3A00D420D1 /* OctoPrintTests */ = {
			isa = PBXGroup;
			children = (
				AC05AA751B382B3A00D420D1 /* OctoPrintTests.swift */,
				AC05AA731B382B3A00D420D1 /* Supporting Files */,
			);
			path = OctoPrintTests;
			sourceTree = "<group>";
		};
		AC05AA731B382B3A00D420D1 /* Supporting Files */ = {
			isa = PBXGroup;
			children = (
				AC05AA741B382B3A00D420D1 /* Info.plist */,
			);
			name = "Supporting Files";
			sourceTree = "<group>";
		};
		AC7793A91B4AEAC300B5B6A2 /* Products */ = {
			isa = PBXGroup;
			children = (
				AC7793AD1B4AEAC300B5B6A2 /* Charts.framework */,
			);
			name = Products;
			sourceTree = "<group>";
		};
/* End PBXGroup section */

/* Begin PBXNativeTarget section */
		AC05AA591B382B3A00D420D1 /* OctoPrint */ = {
			isa = PBXNativeTarget;
			buildConfigurationList = AC05AA791B382B3A00D420D1 /* Build configuration list for PBXNativeTarget "OctoPrint" */;
			buildPhases = (
				AC05AA561B382B3A00D420D1 /* Sources */,
				AC05AA571B382B3A00D420D1 /* Frameworks */,
				AC05AA581B382B3A00D420D1 /* Resources */,
				AC7793B21B4AEB8000B5B6A2 /* Embed Frameworks */,
			);
			buildRules = (
			);
			dependencies = (
				AC7793B11B4AEB8000B5B6A2 /* PBXTargetDependency */,
			);
			name = OctoPrint;
			productName = OctoPrint;
			productReference = AC05AA5A1B382B3A00D420D1 /* OctoPrint.app */;
			productType = "com.apple.product-type.application";
		};
		AC05AA6E1B382B3A00D420D1 /* OctoPrintTests */ = {
			isa = PBXNativeTarget;
			buildConfigurationList = AC05AA7C1B382B3A00D420D1 /* Build configuration list for PBXNativeTarget "OctoPrintTests" */;
			buildPhases = (
				AC05AA6B1B382B3A00D420D1 /* Sources */,
				AC05AA6C1B382B3A00D420D1 /* Frameworks */,
				AC05AA6D1B382B3A00D420D1 /* Resources */,
			);
			buildRules = (
			);
			dependencies = (
				AC05AA711B382B3A00D420D1 /* PBXTargetDependency */,
			);
			name = OctoPrintTests;
			productName = OctoPrintTests;
			productReference = AC05AA6F1B382B3A00D420D1 /* OctoPrintTests.xctest */;
			productType = "com.apple.product-type.bundle.unit-test";
		};
/* End PBXNativeTarget section */

/* Begin PBXProject section */
		AC05AA521B382B3A00D420D1 /* Project object */ = {
			isa = PBXProject;
			attributes = {
				LastUpgradeCheck = 0630;
				ORGANIZATIONNAME = Mario;
				TargetAttributes = {
					AC05AA591B382B3A00D420D1 = {
						CreatedOnToolsVersion = 6.3.2;
					};
					AC05AA6E1B382B3A00D420D1 = {
						CreatedOnToolsVersion = 6.3.2;
						TestTargetID = AC05AA591B382B3A00D420D1;
					};
				};
			};
			buildConfigurationList = AC05AA551B382B3A00D420D1 /* Build configuration list for PBXProject "OctoPrint" */;
			compatibilityVersion = "Xcode 3.2";
			developmentRegion = English;
			hasScannedForEncodings = 0;
			knownRegions = (
				en,
				Base,
			);
			mainGroup = AC05AA511B382B3A00D420D1;
			productRefGroup = AC05AA5B1B382B3A00D420D1 /* Products */;
			projectDirPath = "";
			projectReferences = (
				{
					ProductGroup = AC7793A91B4AEAC300B5B6A2 /* Products */;
					ProjectRef = AC7793A81B4AEAC300B5B6A2 /* Charts.xcodeproj */;
				},
			);
			projectRoot = "";
			targets = (
				AC05AA591B382B3A00D420D1 /* OctoPrint */,
				AC05AA6E1B382B3A00D420D1 /* OctoPrintTests */,
			);
		};
/* End PBXProject section */

/* Begin PBXReferenceProxy section */
		AC7793AD1B4AEAC300B5B6A2 /* Charts.framework */ = {
			isa = PBXReferenceProxy;
			fileType = wrapper.framework;
			path = Charts.framework;
			remoteRef = AC7793AC1B4AEAC300B5B6A2 /* PBXContainerItemProxy */;
			sourceTree = BUILT_PRODUCTS_DIR;
		};
/* End PBXReferenceProxy section */

/* Begin PBXResourcesBuildPhase section */
		AC05AA581B382B3A00D420D1 /* Resources */ = {
			isa = PBXResourcesBuildPhase;
			buildActionMask = 2147483647;
			files = (
				AC05AA651B382B3A00D420D1 /* Main.storyboard in Resources */,
				ACDC808C1B44BEA900EC5520 /* test.gcode in Resources */,
				AC05AA6A1B382B3A00D420D1 /* LaunchScreen.xib in Resources */,
				AC05AA671B382B3A00D420D1 /* Images.xcassets in Resources */,
			);
			runOnlyForDeploymentPostprocessing = 0;
		};
		AC05AA6D1B382B3A00D420D1 /* Resources */ = {
			isa = PBXResourcesBuildPhase;
			buildActionMask = 2147483647;
			files = (
			);
			runOnlyForDeploymentPostprocessing = 0;
		};
/* End PBXResourcesBuildPhase section */

/* Begin PBXSourcesBuildPhase section */
		AC05AA561B382B3A00D420D1 /* Sources */ = {
			isa = PBXSourcesBuildPhase;
			buildActionMask = 2147483647;
			files = (
				AC05AA801B382B7F00D420D1 /* OctoPrintAPI.swift in Sources */,
				AC05AA621B382B3A00D420D1 /* ViewController.swift in Sources */,
				AC05AA601B382B3A00D420D1 /* AppDelegate.swift in Sources */,
			);
			runOnlyForDeploymentPostprocessing = 0;
		};
		AC05AA6B1B382B3A00D420D1 /* Sources */ = {
			isa = PBXSourcesBuildPhase;
			buildActionMask = 2147483647;
			files = (
				AC05AA761B382B3A00D420D1 /* OctoPrintTests.swift in Sources */,
			);
			runOnlyForDeploymentPostprocessing = 0;
		};
/* End PBXSourcesBuildPhase section */

/* Begin PBXTargetDependency section */
		AC05AA711B382B3A00D420D1 /* PBXTargetDependency */ = {
			isa = PBXTargetDependency;
			target = AC05AA591B382B3A00D420D1 /* OctoPrint */;
			targetProxy = AC05AA701B382B3A00D420D1 /* PBXContainerItemProxy */;
		};
		AC7793B11B4AEB8000B5B6A2 /* PBXTargetDependency */ = {
			isa = PBXTargetDependency;
			name = Charts;
			targetProxy = AC7793B01B4AEB8000B5B6A2 /* PBXContainerItemProxy */;
		};
/* End PBXTargetDependency section */

/* Begin PBXVariantGroup section */
		AC05AA631B382B3A00D420D1 /* Main.storyboard */ = {
			isa = PBXVariantGroup;
			children = (
				AC05AA641B382B3A00D420D1 /* Base */,
			);
			name = Main.storyboard;
			sourceTree = "<group>";
		};
		AC05AA681B382B3A00D420D1 /* LaunchScreen.xib */ = {
			isa = PBXVariantGroup;
			children = (
				AC05AA691B382B3A00D420D1 /* Base */,
			);
			name = LaunchScreen.xib;
			sourceTree = "<group>";
		};
/* End PBXVariantGroup section */

/* Begin XCBuildConfiguration section */
		AC05AA771B382B3A00D420D1 /* Debug */ = {
			isa = XCBuildConfiguration;
			buildSettings = {
				ALWAYS_SEARCH_USER_PATHS = NO;
				CLANG_CXX_LANGUAGE_STANDARD = "gnu++0x";
				CLANG_CXX_LIBRARY = "libc++";
				CLANG_ENABLE_MODULES = YES;
				CLANG_ENABLE_OBJC_ARC = YES;
				CLANG_WARN_BOOL_CONVERSION = YES;
				CLANG_WARN_CONSTANT_CONVERSION = YES;
				CLANG_WARN_DIRECT_OBJC_ISA_USAGE = YES_ERROR;
				CLANG_WARN_EMPTY_BODY = YES;
				CLANG_WARN_ENUM_CONVERSION = YES;
				CLANG_WARN_INT_CONVERSION = YES;
				CLANG_WARN_OBJC_ROOT_CLASS = YES_ERROR;
				CLANG_WARN_UNREACHABLE_CODE = YES;
				CLANG_WARN__DUPLICATE_METHOD_MATCH = YES;
				"CODE_SIGN_IDENTITY[sdk=iphoneos*]" = "iPhone Developer";
				COPY_PHASE_STRIP = NO;
				DEBUG_INFORMATION_FORMAT = "dwarf-with-dsym";
				ENABLE_STRICT_OBJC_MSGSEND = YES;
				GCC_C_LANGUAGE_STANDARD = gnu99;
				GCC_DYNAMIC_NO_PIC = NO;
				GCC_NO_COMMON_BLOCKS = YES;
				GCC_OPTIMIZATION_LEVEL = 0;
				GCC_PREPROCESSOR_DEFINITIONS = (
					"DEBUG=1",
					"$(inherited)",
				);
				GCC_SYMBOLS_PRIVATE_EXTERN = NO;
				GCC_WARN_64_TO_32_BIT_CONVERSION = YES;
				GCC_WARN_ABOUT_RETURN_TYPE = YES_ERROR;
				GCC_WARN_UNDECLARED_SELECTOR = YES;
				GCC_WARN_UNINITIALIZED_AUTOS = YES_AGGRESSIVE;
				GCC_WARN_UNUSED_FUNCTION = YES;
				GCC_WARN_UNUSED_VARIABLE = YES;
				IPHONEOS_DEPLOYMENT_TARGET = 8.3;
				MTL_ENABLE_DEBUG_INFO = YES;
				ONLY_ACTIVE_ARCH = YES;
				SDKROOT = iphoneos;
				SWIFT_OPTIMIZATION_LEVEL = "-Onone";
				TARGETED_DEVICE_FAMILY = "1,2";
			};
			name = Debug;
		};
		AC05AA781B382B3A00D420D1 /* Release */ = {
			isa = XCBuildConfiguration;
			buildSettings = {
				ALWAYS_SEARCH_USER_PATHS = NO;
				CLANG_CXX_LANGUAGE_STANDARD = "gnu++0x";
				CLANG_CXX_LIBRARY = "libc++";
				CLANG_ENABLE_MODULES = YES;
				CLANG_ENABLE_OBJC_ARC = YES;
				CLANG_WARN_BOOL_CONVERSION = YES;
				CLANG_WARN_CONSTANT_CONVERSION = YES;
				CLANG_WARN_DIRECT_OBJC_ISA_USAGE = YES_ERROR;
				CLANG_WARN_EMPTY_BODY = YES;
				CLANG_WARN_ENUM_CONVERSION = YES;
				CLANG_WARN_INT_CONVERSION = YES;
				CLANG_WARN_OBJC_ROOT_CLASS = YES_ERROR;
				CLANG_WARN_UNREACHABLE_CODE = YES;
				CLANG_WARN__DUPLICATE_METHOD_MATCH = YES;
				"CODE_SIGN_IDENTITY[sdk=iphoneos*]" = "iPhone Developer";
				COPY_PHASE_STRIP = NO;
				DEBUG_INFORMATION_FORMAT = "dwarf-with-dsym";
				ENABLE_NS_ASSERTIONS = NO;
				ENABLE_STRICT_OBJC_MSGSEND = YES;
				GCC_C_LANGUAGE_STANDARD = gnu99;
				GCC_NO_COMMON_BLOCKS = YES;
				GCC_WARN_64_TO_32_BIT_CONVERSION = YES;
				GCC_WARN_ABOUT_RETURN_TYPE = YES_ERROR;
				GCC_WARN_UNDECLARED_SELECTOR = YES;
				GCC_WARN_UNINITIALIZED_AUTOS = YES_AGGRESSIVE;
				GCC_WARN_UNUSED_FUNCTION = YES;
				GCC_WARN_UNUSED_VARIABLE = YES;
				IPHONEOS_DEPLOYMENT_TARGET = 8.3;
				MTL_ENABLE_DEBUG_INFO = NO;
				SDKROOT = iphoneos;
				TARGETED_DEVICE_FAMILY = "1,2";
				VALIDATE_PRODUCT = YES;
			};
			name = Release;
		};
		AC05AA7A1B382B3A00D420D1 /* Debug */ = {
			isa = XCBuildConfiguration;
			buildSettings = {
				ASSETCATALOG_COMPILER_APPICON_NAME = AppIcon;
				INFOPLIST_FILE = OctoPrint/Info.plist;
				LD_RUNPATH_SEARCH_PATHS = "$(inherited) @executable_path/Frameworks";
				PRODUCT_NAME = "$(TARGET_NAME)";
				TARGETED_DEVICE_FAMILY = 2;
			};
			name = Debug;
		};
		AC05AA7B1B382B3A00D420D1 /* Release */ = {
			isa = XCBuildConfiguration;
			buildSettings = {
				ASSETCATALOG_COMPILER_APPICON_NAME = AppIcon;
				INFOPLIST_FILE = OctoPrint/Info.plist;
				LD_RUNPATH_SEARCH_PATHS = "$(inherited) @executable_path/Frameworks";
				PRODUCT_NAME = "$(TARGET_NAME)";
				TARGETED_DEVICE_FAMILY = 2;
			};
			name = Release;
		};
		AC05AA7D1B382B3A00D420D1 /* Debug */ = {
			isa = XCBuildConfiguration;
			buildSettings = {
				BUNDLE_LOADER = "$(TEST_HOST)";
				FRAMEWORK_SEARCH_PATHS = (
					"$(SDKROOT)/Developer/Library/Frameworks",
					"$(inherited)",
				);
				GCC_PREPROCESSOR_DEFINITIONS = (
					"DEBUG=1",
					"$(inherited)",
				);
				INFOPLIST_FILE = OctoPrintTests/Info.plist;
				LD_RUNPATH_SEARCH_PATHS = "$(inherited) @executable_path/Frameworks @loader_path/Frameworks";
				PRODUCT_NAME = "$(TARGET_NAME)";
				TEST_HOST = "$(BUILT_PRODUCTS_DIR)/OctoPrint.app/OctoPrint";
			};
			name = Debug;
		};
		AC05AA7E1B382B3A00D420D1 /* Release */ = {
			isa = XCBuildConfiguration;
			buildSettings = {
				BUNDLE_LOADER = "$(TEST_HOST)";
				FRAMEWORK_SEARCH_PATHS = (
					"$(SDKROOT)/Developer/Library/Frameworks",
					"$(inherited)",
				);
				INFOPLIST_FILE = OctoPrintTests/Info.plist;
				LD_RUNPATH_SEARCH_PATHS = "$(inherited) @executable_path/Frameworks @loader_path/Frameworks";
				PRODUCT_NAME = "$(TARGET_NAME)";
				TEST_HOST = "$(BUILT_PRODUCTS_DIR)/OctoPrint.app/OctoPrint";
			};
			name = Release;
		};
/* End XCBuildConfiguration section */

/* Begin XCConfigurationList section */
		AC05AA551B382B3A00D420D1 /* Build configuration list for PBXProject "OctoPrint" */ = {
			isa = XCConfigurationList;
			buildConfigurations = (
				AC05AA771B382B3A00D420D1 /* Debug */,
				AC05AA781B382B3A00D420D1 /* Release */,
			);
			defaultConfigurationIsVisible = 0;
			defaultConfigurationName = Release;
		};
		AC05AA791B382B3A00D420D1 /* Build configuration list for PBXNativeTarget "OctoPrint" */ = {
			isa = XCConfigurationList;
			buildConfigurations = (
				AC05AA7A1B382B3A00D420D1 /* Debug */,
				AC05AA7B1B382B3A00D420D1 /* Release */,
			);
			defaultConfigurationIsVisible = 0;
			defaultConfigurationName = Release;
		};
		AC05AA7C1B382B3A00D420D1 /* Build configuration list for PBXNativeTarget "OctoPrintTests" */ = {
			isa = XCConfigurationList;
			buildConfigurations = (
				AC05AA7D1B382B3A00D420D1 /* Debug */,
				AC05AA7E1B382B3A00D420D1 /* Release */,
			);
			defaultConfigurationIsVisible = 0;
			defaultConfigurationName = Release;
		};
/* End XCConfigurationList section */
	};
	rootObject = AC05AA521B382B3A00D420D1 /* Project object */;
}
